{
  "name": "Assignment3",
  "lockfileVersion": 2,
  "requires": true,
  "packages": {
    "": {
      "dependencies": {
        "datatables.net-bs4": "^1.13.3",
        "datatables.net-dt": "^1.13.3",
        "datatables.net-responsive-bs4": "^2.4.0"
      }
    },
    "node_modules/datatables.net": {
      "version": "1.13.3",
      "resolved": "https://registry.npmjs.org/datatables.net/-/datatables.net-1.13.3.tgz",
      "integrity": "sha512-YVnz02oJsaP/OfnclBlqHkuV1il60sSVa+a0Xvs5gyiDLftmAxc+rvVAwCm7O0OpKo09N43k6EcCAf3L9WYI7g==",
      "dependencies": {
        "jquery": ">=1.7"
      }
    },
    "node_modules/datatables.net-bs4": {
      "version": "1.13.3",
      "resolved": "https://registry.npmjs.org/datatables.net-bs4/-/datatables.net-bs4-1.13.3.tgz",
      "integrity": "sha512-LtySVYRv8I8FE4+Y8t3IQZYoIQOoKygWvhcUX0qZtdqaEr55MnUTcHzeXVUVNEiycsG62lrCPf/Uurl7Rw6kKA==",
      "dependencies": {
        "datatables.net": ">=1.12.1",
        "jquery": ">=1.7"
      }
    },
    "node_modules/datatables.net-dt": {
      "version": "1.13.3",
      "resolved": "https://registry.npmjs.org/datatables.net-dt/-/datatables.net-dt-1.13.3.tgz",
      "integrity": "sha512-cyJP7a+cGkJmv/NvF6ypoiibN67MIbdsoSqiMl4wxpmIkN8VF0i0jXw5WzRIpE70o/wsiLWantmoNRf+A7+uiw==",
      "dependencies": {
        "datatables.net": ">=1.12.1",
        "jquery": ">=1.7"
      }
    },
    "node_modules/datatables.net-responsive": {
      "version": "2.4.0",
      "resolved": "https://registry.npmjs.org/datatables.net-responsive/-/datatables.net-responsive-2.4.0.tgz",
      "integrity": "sha512-Acws4aEPJZX/+CQsXpuDBHfrwgl3XxWEc/zlsnJCXE/GGbqjVAtQt7SM6EBcdReMv1FbyWUlF/Uw+de11NT46A==",
      "dependencies": {
        "datatables.net": ">=1.12.1",
        "jquery": ">=1.7"
      }
    },
    "node_modules/datatables.net-responsive-bs4": {
      "version": "2.4.0",
      "resolved": "https://registry.npmjs.org/datatables.net-responsive-bs4/-/datatables.net-responsive-bs4-2.4.0.tgz",
      "integrity": "sha512-zCAxwcuaLneJd3Yy1eKZU3wksIj4IFvcaQEXrFeVBgsl6iH3H+uqW9apwdadDL8agsBHdsln08qYjkz8bYY7Bg==",
      "dependencies": {
        "datatables.net-bs4": ">=1.12.1",
        "datatables.net-responsive": ">=2.3.0",
        "jquery": ">=1.7"
      }
    },
    "node_modules/jquery": {
      "version": "3.6.3",
      "resolved": "https://registry.npmjs.org/jquery/-/jquery-3.6.3.tgz",
      "integrity": "sha512-bZ5Sy3YzKo9Fyc8wH2iIQK4JImJ6R0GWI9kL1/k7Z91ZBNgkRXE6U0JfHIizZbort8ZunhSI3jw9I6253ahKfg=="
    }
  },
  "dependencies": {
    "datatables.net": {
      "version": "1.13.3",
      "resolved": "https://registry.npmjs.org/datatables.net/-/datatables.net-1.13.3.tgz",
      "integrity": "sha512-YVnz02oJsaP/OfnclBlqHkuV1il60sSVa+a0Xvs5gyiDLftmAxc+rvVAwCm7O0OpKo09N43k6EcCAf3L9WYI7g==",
      "requires": {
        "jquery": ">=1.7"
      }
    },
    "datatables.net-bs4": {
      "version": "1.13.3",
      "resolved": "https://registry.npmjs.org/datatables.net-bs4/-/datatables.net-bs4-1.13.3.tgz",
      "integrity": "sha512-LtySVYRv8I8FE4+Y8t3IQZYoIQOoKygWvhcUX0qZtdqaEr55MnUTcHzeXVUVNEiycsG62lrCPf/Uurl7Rw6kKA==",
      "requires": {
        "datatables.net": ">=1.12.1",
        "jquery": ">=1.7"
      }
    },
    "datatables.net-dt": {
      "version": "1.13.3",
      "resolved": "https://registry.npmjs.org/datatables.net-dt/-/datatables.net-dt-1.13.3.tgz",
      "integrity": "sha512-cyJP7a+cGkJmv/NvF6ypoiibN67MIbdsoSqiMl4wxpmIkN8VF0i0jXw5WzRIpE70o/wsiLWantmoNRf+A7+uiw==",
      "requires": {
        "datatables.net": ">=1.12.1",
        "jquery": ">=1.7"
      }
    },
    "datatables.net-responsive": {
      "version": "2.4.0",
      "resolved": "https://registry.npmjs.org/datatables.net-responsive/-/datatables.net-responsive-2.4.0.tgz",
      "integrity": "sha512-Acws4aEPJZX/+CQsXpuDBHfrwgl3XxWEc/zlsnJCXE/GGbqjVAtQt7SM6EBcdReMv1FbyWUlF/Uw+de11NT46A==",
      "requires": {
        "datatables.net": ">=1.12.1",
        "jquery": ">=1.7"
      }
    },
    "datatables.net-responsive-bs4": {
      "version": "2.4.0",
      "resolved": "https://registry.npmjs.org/datatables.net-responsive-bs4/-/datatables.net-responsive-bs4-2.4.0.tgz",
      "integrity": "sha512-zCAxwcuaLneJd3Yy1eKZU3wksIj4IFvcaQEXrFeVBgsl6iH3H+uqW9apwdadDL8agsBHdsln08qYjkz8bYY7Bg==",
      "requires": {
        "datatables.net-bs4": ">=1.12.1",
        "datatables.net-responsive": ">=2.3.0",
        "jquery": ">=1.7"
      }
    },
    "jquery": {
      "version": "3.6.3",
      "resolved": "https://registry.npmjs.org/jquery/-/jquery-3.6.3.tgz",
      "integrity": "sha512-bZ5Sy3YzKo9Fyc8wH2iIQK4JImJ6R0GWI9kL1/k7Z91ZBNgkRXE6U0JfHIizZbort8ZunhSI3jw9I6253ahKfg=="
    }
  }
}
